# THIS IS AN AUTOGENERATED FILE. DO NOT EDIT THIS FILE DIRECTLY.
# yarn lockfile v1


aws-cli@^0.0.2:
  version "0.0.2"
  resolved "https://registry.yarnpkg.com/aws-cli/-/aws-cli-0.0.2.tgz#00723c922ec809eaac27fb2ae440c5b8e807a18e"
  integrity sha1-AHI8ki7ICeqsJ/sq5EDFuOgHoY4=
  dependencies:
    aws-sdk "~2.0.0-rc13"
    operetta "0.0.5"

aws-sdk@~2.0.0-rc13:
  version "2.0.31"
  resolved "https://registry.yarnpkg.com/aws-sdk/-/aws-sdk-2.0.31.tgz#e72cf1fdc69015bd9fd2bdf3d3b88c16507d268e"
  integrity sha1-5yzx/caQFb2f0r3z07iMFlB9Jo4=
  dependencies:
    xml2js "0.2.6"
    xmlbuilder "0.4.2"

operetta@0.0.5:
  version "0.0.5"
  resolved "https://registry.yarnpkg.com/operetta/-/operetta-0.0.5.tgz#14828c97eeb913e2aa85d1d1d39a8926958e5556"
  integrity sha1-FIKMl+65E+KqhdHR05qJJpWOVVY=

sax@0.4.2:
  version "0.4.2"
  resolved "https://registry.yarnpkg.com/sax/-/sax-0.4.2.tgz#39f3b601733d6bec97105b242a2a40fd6978ac3c"
  integrity sha1-OfO2AXM9a+yXEFskKipA/Wl4rDw=

xml2js@0.2.6:
  version "0.2.6"
  resolved "https://registry.yarnpkg.com/xml2js/-/xml2js-0.2.6.tgz#d209c4e4dda1fc9c452141ef41c077f5adfdf6c4"
  integrity sha1-0gnE5N2h/JxFIUHvQcB39a399sQ=
  dependencies:
    sax "0.4.2"

xmlbuilder@0.4.2:
  version "0.4.2"
  resolved "https://registry.yarnpkg.com/xmlbuilder/-/xmlbuilder-0.4.2.tgz#1776d65f3fdbad470a08d8604cdeb1c4e540ff83"
  integrity sha1-F3bWXz/brUcKCNhgTN6xxOVA/4M=
